{
  "name": "gladys-gmusic",
  "version": "0.1.0",
  "lockfileVersion": 1,
  "requires": true,
  "dependencies": {
    "crypto-js": {
      "version": "3.1.8",
      "resolved": "https://registry.npmjs.org/crypto-js/-/crypto-js-3.1.8.tgz",
      "integrity": "sha1-cV8HC/YBTyrpkqmLOSkli3E/CNU="
    },
    "node-uuid": {
      "version": "1.4.8",
      "resolved": "https://registry.npmjs.org/node-uuid/-/node-uuid-1.4.8.tgz",
      "integrity": "sha1-sEDrCSOWivq/jTL7HxfxFn/auQc="
    },
    "playmusic": {
      "version": "2.2.1",
      "resolved": "https://registry.npmjs.org/playmusic/-/playmusic-2.2.1.tgz",
      "integrity": "sha1-MsWk897m41DmHKh51M53n46AGgc=",
      "requires": {
        "crypto-js": "3.1.8",
        "node-uuid": "1.4.8"
      }
    }
  }
}
